{
    "name": "cardano-base-marketplace-sdk",
    "version": "0.2.0",
    "lockfileVersion": 3,
    "requires": true,
    "packages": {
        "": {
            "name": "cardano-base-marketplace-sdk",
            "version": "0.2.0",
            "peerDependencies": {
                "@harmoniclabs/obj-utils": "^1.0.0",
                "@harmoniclabs/plu-ts": "^0.8.0-dev0"
            }
        },
        "node_modules/@harmoniclabs/bigint-utils": {
            "version": "1.0.0",
            "resolved": "https://registry.npmjs.org/@harmoniclabs/bigint-utils/-/bigint-utils-1.0.0.tgz",
            "integrity": "sha512-OhZMHcdtH2hHKMlxWFHf71PmKHdoi9ARpjS9mUu0/cd8VWDDjT7VQoQwC5NN/68iyO4O5Dojrvrp9tjG5BDABA==",
            "peer": true,
            "dependencies": {
                "@harmoniclabs/uint8array-utils": "^1.0.0"
            }
        },
        "node_modules/@harmoniclabs/biguint": {
            "version": "1.0.0",
            "resolved": "https://registry.npmjs.org/@harmoniclabs/biguint/-/biguint-1.0.0.tgz",
            "integrity": "sha512-5DyCIBDL4W+7ffR1IJSbGrCG4xEYxAlFH5gCNF42qtyL5ltwZ92Ae1MyXpHM2TUPy7ocSTqlLUsOdy+SvqVVPw==",
            "peer": true
        },
        "node_modules/@harmoniclabs/bitstream": {
            "version": "1.0.0",
            "resolved": "https://registry.npmjs.org/@harmoniclabs/bitstream/-/bitstream-1.0.0.tgz",
            "integrity": "sha512-Ed/I46IuCiytE5QiMmmUo9kPJcypM7OuUqoRaAXUALL5C6LKLpT6kYE1qeuhLkx2/WvkHT18jcOX6jhM/nmqoA==",
            "peer": true,
            "dependencies": {
                "@harmoniclabs/uint8array-utils": "^1.0.0"
            }
        },
        "node_modules/@harmoniclabs/bytestring": {
            "version": "1.0.0",
            "resolved": "https://registry.npmjs.org/@harmoniclabs/bytestring/-/bytestring-1.0.0.tgz",
            "integrity": "sha512-d5m10O0okKc6QNX0pSRriFTkk/kNMnMBGbo5X3kEZwKaXTI4tDVoTZBL7bwbYHwOEdSxWJjVtlO9xtB7ZrYZNg==",
            "peer": true,
            "dependencies": {
                "@harmoniclabs/uint8array-utils": "^1.0.0"
            }
        },
        "node_modules/@harmoniclabs/cardano-costmodels-ts": {
            "version": "1.1.0",
            "resolved": "https://registry.npmjs.org/@harmoniclabs/cardano-costmodels-ts/-/cardano-costmodels-ts-1.1.0.tgz",
            "integrity": "sha512-RU3W77w3c9DWZf8UYHWcWFTS+k/0hcXEzBjm9p7aTfkuCq3e+nf0Tw2eg0CnGgQo/JyCrzq5fLGUOmHgQ5oSog==",
            "peer": true,
            "dependencies": {
                "@harmoniclabs/obj-utils": "^1.0.0",
                "@harmoniclabs/uint8array-utils": "^1.0.0"
            },
            "peerDependencies": {
                "@harmoniclabs/cbor": "^1.2.0"
            }
        },
        "node_modules/@harmoniclabs/cardano-ledger-ts": {
            "version": "0.2.0-dev6",
            "resolved": "https://registry.npmjs.org/@harmoniclabs/cardano-ledger-ts/-/cardano-ledger-ts-0.2.0-dev6.tgz",
            "integrity": "sha512-vjKBfsV6isgBzNFeV35Fxr0BPOQktipw0UY8scrWAUU4OAOnWi5fgg+o64GxlfnNuCaVeKaDD2PaSJs+KNEoMA==",
            "peer": true,
            "dependencies": {
                "@harmoniclabs/bigint-utils": "^1.0.0",
                "@harmoniclabs/crypto": "^0.1.0",
                "@harmoniclabs/obj-utils": "^1.0.0",
                "@harmoniclabs/uint8array-utils": "^1.0.0"
            },
            "funding": {
                "url": "https://github.com/sponsors/HarmonicLabs"
            },
            "peerDependencies": {
                "@harmoniclabs/bytestring": "^1.0.0",
                "@harmoniclabs/cardano-costmodels-ts": "^1.1.0",
                "@harmoniclabs/cbor": "^1.2.0",
                "@harmoniclabs/pair": "^1.0.0",
                "@harmoniclabs/plutus-data": "^1.2.4",
                "@harmoniclabs/plutus-machine": "^2.0.0-dev0"
            }
        },
        "node_modules/@harmoniclabs/cardano-ledger-ts/node_modules/@harmoniclabs/crypto": {
            "version": "0.1.0",
            "resolved": "https://registry.npmjs.org/@harmoniclabs/crypto/-/crypto-0.1.0.tgz",
            "integrity": "sha512-z3WGFpz5glQIzbo6qujRrfFjysLn73WXFyPuKFYeQwEkrLY+M8FzaGWXIWpKootWaITMepx39yloNHxwJZyA9Q==",
            "peer": true,
            "dependencies": {
                "@harmoniclabs/bitstream": "^1.0.0",
                "@harmoniclabs/uint8array-utils": "^1.0.0"
            }
        },
        "node_modules/@harmoniclabs/cbor": {
            "version": "1.3.0",
            "resolved": "https://registry.npmjs.org/@harmoniclabs/cbor/-/cbor-1.3.0.tgz",
            "integrity": "sha512-gzRqqcJL8sulc2/6iqRXZdWUCEeK3A+jwJ88sbVNzgk4IeMFQLSFg4Ck8ZBETu/W/q1zdknjNfJYyH1OxVriQA==",
            "peer": true,
            "dependencies": {
                "@harmoniclabs/bytestring": "^1.0.0",
                "@harmoniclabs/obj-utils": "^1.0.0",
                "@harmoniclabs/uint8array-utils": "^1.0.0"
            },
            "funding": {
                "url": "https://github.com/sponsors/HarmonicLabs"
            }
        },
        "node_modules/@harmoniclabs/crypto": {
            "version": "0.2.4",
            "resolved": "https://registry.npmjs.org/@harmoniclabs/crypto/-/crypto-0.2.4.tgz",
            "integrity": "sha512-aVehpKFvgbzFn2qCoRHnrUHAB6XxU1YN61+2Tygo7T6oY3zubI0CI8Ydn2ELp2gidUaFzkICOKFZnAfq6Hxa3w==",
            "peer": true,
            "dependencies": {
                "@harmoniclabs/bitstream": "^1.0.0",
                "@harmoniclabs/uint8array-utils": "^1.0.0"
            }
        },
        "node_modules/@harmoniclabs/obj-utils": {
            "version": "1.0.0",
            "resolved": "https://registry.npmjs.org/@harmoniclabs/obj-utils/-/obj-utils-1.0.0.tgz",
            "integrity": "sha512-EO1bQBZAORrutcP+leP5YNDwNd/9TOE23VEvs3ktniXg6w0knUrLjUIl2Pkcbs/D1VQxqmsNpXho+vaMj00qxA==",
            "peer": true
        },
        "node_modules/@harmoniclabs/pair": {
            "version": "1.0.0",
            "resolved": "https://registry.npmjs.org/@harmoniclabs/pair/-/pair-1.0.0.tgz",
            "integrity": "sha512-D9OBowsUsy1LctHxWzd9AngTzoo5x3rBiJ0gu579t41Q23pb+VNx1euEfluUEiaYbgljcl1lb/4D1fFTZd1tRQ==",
            "peer": true
        },
        "node_modules/@harmoniclabs/plu-ts": {
            "version": "0.8.0-dev1",
            "resolved": "https://registry.npmjs.org/@harmoniclabs/plu-ts/-/plu-ts-0.8.0-dev1.tgz",
            "integrity": "sha512-hJaSN9AK2pPPQpXe08aCthkqNHKl6onTlW4s7KfxcpXKyXwd6BOnZuiIj3uoODZ760Fjo2bUm/yvZJBzblSLqA==",
            "peer": true,
            "dependencies": {
                "@harmoniclabs/bigint-utils": "^1.0.0",
                "@harmoniclabs/bytestring": "^1.0.0",
                "@harmoniclabs/cardano-costmodels-ts": "^1.1.0",
                "@harmoniclabs/cardano-ledger-ts": "^0.2.0-dev5",
                "@harmoniclabs/cbor": "^1.3.0",
                "@harmoniclabs/crypto": "^0.2.4",
                "@harmoniclabs/obj-utils": "^1.0.0",
                "@harmoniclabs/pair": "^1.0.0",
                "@harmoniclabs/plu-ts-offchain": "0.1.13-dev3",
                "@harmoniclabs/plu-ts-onchain": "^0.3.0-dev2",
                "@harmoniclabs/plutus-data": "^1.2.4",
                "@harmoniclabs/plutus-machine": "^2.0.0-dev2",
                "@harmoniclabs/uint8array-utils": "^1.0.0",
                "@harmoniclabs/uplc": "^1.2.3"
            },
            "funding": {
                "url": "https://github.com/sponsors/HarmonicLabs"
            }
        },
        "node_modules/@harmoniclabs/plu-ts-offchain": {
            "version": "0.1.13-dev3",
            "resolved": "https://registry.npmjs.org/@harmoniclabs/plu-ts-offchain/-/plu-ts-offchain-0.1.13-dev3.tgz",
            "integrity": "sha512-5fZy+afDNSTMtVaTXXWfNV8wBj1U4xaH12LwP0kwfPy3mcxZS4Ype3hB3O4sQypdsZawclGTzqDLUbTnKoiMjQ==",
            "peer": true,
            "dependencies": {
                "@harmoniclabs/bigint-utils": "^1.0.0",
                "@harmoniclabs/crypto": "^0.2.4",
                "@harmoniclabs/obj-utils": "^1.0.0",
                "@harmoniclabs/uint8array-utils": "^1.0.0"
            },
            "funding": {
                "url": "https://github.com/sponsors/HarmonicLabs"
            },
            "peerDependencies": {
                "@harmoniclabs/bytestring": "^1.0.0",
                "@harmoniclabs/cardano-costmodels-ts": "^1.1.0",
                "@harmoniclabs/cardano-ledger-ts": "^0.2.0-dev6",
                "@harmoniclabs/cbor": "^1.3.0",
                "@harmoniclabs/pair": "^1.0.0",
                "@harmoniclabs/plutus-data": "^1.2.4",
                "@harmoniclabs/plutus-machine": "^2.0.0-dev2",
                "@harmoniclabs/uplc": "^1.2.3"
            }
        },
        "node_modules/@harmoniclabs/plu-ts-onchain": {
            "version": "0.3.0-dev2",
            "resolved": "https://registry.npmjs.org/@harmoniclabs/plu-ts-onchain/-/plu-ts-onchain-0.3.0-dev2.tgz",
            "integrity": "sha512-GZYQGcj7JvqChzlNDW4HAn6yweVHLbMgLBTzqVa7f0A3fc6QmGciPHwdRL56z0U/NJMy4/rVMRth9UyQPAfStQ==",
            "peer": true,
            "dependencies": {
                "@harmoniclabs/bigint-utils": "^1.0.0",
                "@harmoniclabs/crypto": "^0.2.4",
                "@harmoniclabs/obj-utils": "^1.0.0",
                "@harmoniclabs/uint8array-utils": "^1.0.0"
            },
            "funding": {
                "url": "https://github.com/sponsors/HarmonicLabs"
            },
            "peerDependencies": {
                "@harmoniclabs/bytestring": "^1.0.0",
                "@harmoniclabs/cardano-costmodels-ts": "^1.1.0",
                "@harmoniclabs/cardano-ledger-ts": "^0.2.0-dev6",
                "@harmoniclabs/cbor": "^1.3.0",
                "@harmoniclabs/pair": "^1.0.0",
                "@harmoniclabs/plutus-data": "^1.2.4",
                "@harmoniclabs/plutus-machine": "^2.0.0-dev2",
                "@harmoniclabs/uplc": "^1.2.3"
            }
        },
        "node_modules/@harmoniclabs/plutus-data": {
            "version": "1.2.4",
            "resolved": "https://registry.npmjs.org/@harmoniclabs/plutus-data/-/plutus-data-1.2.4.tgz",
            "integrity": "sha512-cpr6AnJRultH6PJRDriewHEgNLQs2IGLampZrLjmK5shzTsHICD0yD0Zig9eKdcS7dmY6mlzvSpAJWPGeTxbCA==",
            "peer": true,
            "dependencies": {
                "@harmoniclabs/biguint": "^1.0.0",
                "@harmoniclabs/crypto": "^0.2.4",
                "@harmoniclabs/uint8array-utils": "^1.0.0"
            },
            "peerDependencies": {
                "@harmoniclabs/bytestring": "^1.0.0",
                "@harmoniclabs/cbor": "^1.3.0"
            }
        },
        "node_modules/@harmoniclabs/plutus-machine": {
            "version": "2.0.0-dev3",
            "resolved": "https://registry.npmjs.org/@harmoniclabs/plutus-machine/-/plutus-machine-2.0.0-dev3.tgz",
            "integrity": "sha512-EfKpN03ocPAwEOiJrmDs/wofpSf/9vVJF/ISXlOgpbBUFKEML0V/peDzSOFOqufiNdPbzEyTlnO7vBW4Awvb2Q==",
            "peer": true,
            "dependencies": {
                "@harmoniclabs/bigint-utils": "^1.0.0",
                "@harmoniclabs/cardano-costmodels-ts": "^1.1.0",
                "@harmoniclabs/crypto": "^0.2.4",
                "@harmoniclabs/obj-utils": "^1.0.0",
                "@harmoniclabs/uint8array-utils": "^1.0.0"
            },
            "funding": {
                "url": "https://github.com/sponsors/HarmonicLabs"
            },
            "peerDependencies": {
                "@harmoniclabs/bytestring": "^1.0.0",
                "@harmoniclabs/cbor": "^1.3.0",
                "@harmoniclabs/pair": "^1.0.0",
                "@harmoniclabs/plutus-data": "^1.2.4",
                "@harmoniclabs/uplc": "^1.2.3"
            }
        },
        "node_modules/@harmoniclabs/uint8array-utils": {
            "version": "1.0.0",
            "resolved": "https://registry.npmjs.org/@harmoniclabs/uint8array-utils/-/uint8array-utils-1.0.0.tgz",
            "integrity": "sha512-KNlgXCRGjmD3O+LYa3yTe3yKg8WY6C/bLs4Ywbjp7C9ORVxfppZDBd02LeK6jcIf800zadvJp+Bxk9qO+IcAQg==",
            "peer": true
        },
        "node_modules/@harmoniclabs/uplc": {
            "version": "1.2.4",
            "resolved": "https://registry.npmjs.org/@harmoniclabs/uplc/-/uplc-1.2.4.tgz",
            "integrity": "sha512-Px6utj94cO/hQd9NJgVQI8zycsbgh3rAzDeLdZ1m52bo++EuU1GL+arWX3JYso3/3uNrnUFuizjrAIISwQe3Fg==",
            "peer": true,
            "dependencies": {
                "@harmoniclabs/bigint-utils": "^1.0.0",
                "@harmoniclabs/bitstream": "^1.0.0",
                "@harmoniclabs/uint8array-utils": "^1.0.0"
            },
            "funding": {
                "url": "https://github.com/sponsors/HarmonicLabs"
            },
            "peerDependencies": {
                "@harmoniclabs/bytestring": "^1.0.0",
                "@harmoniclabs/cbor": "^1.3.0",
                "@harmoniclabs/crypto": "^0.2.4",
                "@harmoniclabs/pair": "^1.0.0",
                "@harmoniclabs/plutus-data": "^1.2.4"
            }
        }
    }
}
